
Microsoft Visual Studio Solution File, Format Version 12.00
# Visual Studio Version 17
VisualStudioVersion = 17.3.32825.248
MinimumVisualStudioVersion = 10.0.40219.1
Project("{FAE04EC0-301F-11D3-BF4B-00C04F79EFBC}") = "NorthwindLinqEfLibrary1", "NorthwindLinqEfLibrary1\NorthwindLinqEfLibrary1.csproj", "{C7E77B70-8287-4A8D-8295-BCDC173DD4C6}"
EndProject
Project("{FAE04EC0-301F-11D3-BF4B-00C04F79EFBC}") = "TestLibrary", "TestLibrary\TestLibrary.csproj", "{23387B30-814E-4E99-97D3-69F1A39B52FC}"
EndProject
Global
	GlobalSection(SolutionConfigurationPlatforms) = preSolution
		Debug|Any CPU = Debug|Any CPU
		Release|Any CPU = Release|Any CPU
	EndGlobalSection
	GlobalSection(ProjectConfigurationPlatforms) = postSolution
		{C7E77B70-8287-4A8D-8295-BCDC173DD4C6}.Debug|Any CPU.ActiveCfg = Debug|Any CPU
		{C7E77B70-8287-4A8D-8295-BCDC173DD4C6}.Debug|Any CPU.Build.0 = Debug|Any CPU
		{C7E77B70-8287-4A8D-8295-BCDC173DD4C6}.Release|Any CPU.ActiveCfg = Release|Any CPU
		{C7E77B70-8287-4A8D-8295-BCDC173DD4C6}.Release|Any CPU.Build.0 = Release|Any CPU
		{23387B30-814E-4E99-97D3-69F1A39B52FC}.Debug|Any CPU.ActiveCfg = Debug|Any CPU
		{23387B30-814E-4E99-97D3-69F1A39B52FC}.Debug|Any CPU.Build.0 = Debug|Any CPU
		{23387B30-814E-4E99-97D3-69F1A39B52FC}.Release|Any CPU.ActiveCfg = Release|Any CPU
		{23387B30-814E-4E99-97D3-69F1A39B52FC}.Release|Any CPU.Build.0 = Release|Any CPU
	EndGlobalSection
	GlobalSection(SolutionProperties) = preSolution
		HideSolutionNode = FALSE
	EndGlobalSection
	GlobalSection(ExtensibilityGlobals) = postSolution
		SolutionGuid = {EA80ECEE-CC79-4428-B7A8-E944CE7A4A38}
	EndGlobalSection
EndGlobal
